{
  "version": 4,
  "terraform_version": "1.15.2",
  "serial": 218,
  "lineage": "2b3cc0f1-be09-ea8f-7dc9-e1788a65c56a",
  "outputs": {
    "s3_bucket_arn": {
      "value": "arn:aws:s3:::nombreunico-1231535",
      "type": "string"
    }
  },
  "resources": [
    {
      "mode": "data",
      "type": "aws_key_pair",
      "name": "key_pair",
      "provider": "provider[\"registry.terraform.io/hashicorp/aws\"]",
      "instances": [
        {
          "schema_version": 0,
          "attributes": {
            "arn": "arn:aws:ec2:us-east-1:429965675882:key-pair/mykey",
            "create_time": "2026-05-15T15:36:14Z",
            "filter": null,
            "fingerprint": "cb:c7:4a:03:b7:c6:eb:6b:18:8a:d0:5b:0c:69:83:8b:50:c6:3e:3a",
            "id": "key-0cb4259a0b2944d0f",
            "include_public_key": false,
            "key_name": "mykey",
            "key_pair_id": "key-0cb4259a0b2944d0f",
            "key_type": "rsa",
            "public_key": "",
            "region": "us-east-1",
            "tags": {},
            "timeouts": null
          },
          "sensitive_attributes": [],
          "identity_schema_version": 0
        }
      ]
    },
    {
      "mode": "managed",
      "type": "aws_default_security_group",
      "name": "sg_public_instance",
      "provider": "provider[\"registry.terraform.io/hashicorp/aws\"]",
      "instances": [
        {
          "schema_version": 1,
          "attributes": {
            "arn": "arn:aws:ec2:us-east-1:429965675882:security-group/sg-060bb58f426593b27",
            "description": "default VPC security group",
            "egress": [
              {
                "cidr_blocks": [
                  "0.0.0.0/0"
                ],
                "description": "",
                "from_port": 0,
                "ipv6_cidr_blocks": [],
                "prefix_list_ids": [],
                "protocol": "-1",
                "security_groups": [],
                "self": false,
                "to_port": 0
              }
            ],
            "id": "sg-060bb58f426593b27",
            "ingress": [
              {
                "cidr_blocks": [
                  "0.0.0.0/0"
                ],
                "description": "",
                "from_port": 22,
                "ipv6_cidr_blocks": [],
                "prefix_list_ids": [],
                "protocol": "tcp",
                "security_groups": [],
                "self": false,
                "to_port": 22
              },
              {
                "cidr_blocks": [
                  "0.0.0.0/0"
                ],
                "description": "",
                "from_port": 443,
                "ipv6_cidr_blocks": [],
                "prefix_list_ids": [],
                "protocol": "tcp",
                "security_groups": [],
                "self": false,
                "to_port": 443
              },
              {
                "cidr_blocks": [
                  "0.0.0.0/0"
                ],
                "description": "",
                "from_port": 80,
                "ipv6_cidr_blocks": [],
                "prefix_list_ids": [],
                "protocol": "tcp",
                "security_groups": [],
                "self": false,
                "to_port": 80
              }
            ],
            "name": "default",
            "name_prefix": "",
            "owner_id": "429965675882",
            "region": "us-east-1",
            "revoke_rules_on_delete": false,
            "tags": {
              "Name": "Public Instance SG-cerberus-Dev-virginia",
              "description": "Allow SSH inbound and all outbound traffic"
            },
            "tags_all": {
              "IAC": "Terraform",
              "IAC_Version": "1.15.2",
              "Name": "Public Instance SG-cerberus-Dev-virginia",
              "description": "Allow SSH inbound and all outbound traffic",
              "env": "Dev",
              "name": "prueba",
              "owner": "Alex",
              "project": "cerberus",
              "region": "virginia"
            },
            "vpc_id": "vpc-0f652d246ade0504a"
          },
          "sensitive_attributes": [],
          "identity_schema_version": 0,
          "private": "eyJzY2hlbWFfdmVyc2lvbiI6IjEifQ==",
          "dependencies": [
            "aws_vpc.vpc_virginina"
          ]
        }
      ]
    },
    {
      "mode": "managed",
      "type": "aws_instance",
      "name": "public_instance",
      "provider": "provider[\"registry.terraform.io/hashicorp/aws\"]",
      "instances": [
        {
          "index_key": "apache",
          "schema_version": 2,
          "attributes": {
            "ami": "ami-0cca150d127c2216f",
            "arn": "arn:aws:ec2:us-east-1:429965675882:instance/i-0075cf968a3260b37",
            "associate_public_ip_address": true,
            "availability_zone": "us-east-1d",
            "capacity_reservation_specification": [
              {
                "capacity_reservation_preference": "open",
                "capacity_reservation_target": []
              }
            ],
            "cpu_options": [
              {
                "amd_sev_snp": "",
                "core_count": 1,
                "nested_virtualization": "",
                "threads_per_core": 2
              }
            ],
            "credit_specification": [
              {
                "cpu_credits": "unlimited"
              }
            ],
            "disable_api_stop": false,
            "disable_api_termination": false,
            "ebs_block_device": [],
            "ebs_optimized": false,
            "enable_primary_ipv6": null,
            "enclave_options": [
              {
                "enabled": false
              }
            ],
            "ephemeral_block_device": [],
            "force_destroy": false,
            "get_password_data": false,
            "hibernation": false,
            "host_id": "",
            "host_resource_group_arn": null,
            "iam_instance_profile": "",
            "id": "i-0075cf968a3260b37",
            "instance_initiated_shutdown_behavior": "stop",
            "instance_lifecycle": "",
            "instance_market_options": [],
            "instance_state": "running",
            "instance_type": "t3.micro",
            "ipv6_address_count": 0,
            "ipv6_addresses": [],
            "key_name": "mykey",
            "launch_template": [],
            "maintenance_options": [
              {
                "auto_recovery": "default"
              }
            ],
            "metadata_options": [
              {
                "http_endpoint": "enabled",
                "http_protocol_ipv6": "disabled",
                "http_put_response_hop_limit": 2,
                "http_tokens": "required",
                "instance_metadata_tags": "disabled"
              }
            ],
            "monitoring": false,
            "network_interface": [],
            "outpost_arn": "",
            "password_data": "",
            "placement_group": "",
            "placement_group_id": "",
            "placement_partition_number": 0,
            "primary_network_interface": [
              {
                "delete_on_termination": true,
                "network_interface_id": "eni-00eb9eb818f9da6e1"
              }
            ],
            "primary_network_interface_id": "eni-00eb9eb818f9da6e1",
            "private_dns": "ip-10-10-1-92.ec2.internal",
            "private_dns_name_options": [
              {
                "enable_resource_name_dns_a_record": false,
                "enable_resource_name_dns_aaaa_record": false,
                "hostname_type": "ip-name"
              }
            ],
            "private_ip": "10.10.1.92",
            "public_dns": "",
            "public_ip": "54.175.240.177",
            "region": "us-east-1",
            "root_block_device": [
              {
                "delete_on_termination": true,
                "device_name": "/dev/xvda",
                "encrypted": false,
                "iops": 3000,
                "kms_key_id": "",
                "tags": {
                  "IAC": "Terraform",
                  "IAC_Version": "1.15.2",
                  "env": "Dev",
                  "name": "prueba",
                  "owner": "Alex",
                  "project": "cerberus",
                  "region": "virginia"
                },
                "tags_all": {
                  "IAC": "Terraform",
                  "IAC_Version": "1.15.2",
                  "env": "Dev",
                  "name": "prueba",
                  "owner": "Alex",
                  "project": "cerberus",
                  "region": "virginia"
                },
                "throughput": 125,
                "volume_id": "vol-0e305dd5fda88f541",
                "volume_size": 8,
                "volume_type": "gp3"
              }
            ],
            "secondary_network_interface": [],
            "secondary_private_ips": [],
            "security_groups": [],
            "source_dest_check": true,
            "spot_instance_request_id": "",
            "subnet_id": "subnet-0508dc7528338773d",
            "tags": {
              "Name": "apache-cerberus-Dev-virginia"
            },
            "tags_all": {
              "IAC": "Terraform",
              "IAC_Version": "1.15.2",
              "Name": "apache-cerberus-Dev-virginia",
              "env": "Dev",
              "name": "prueba",
              "owner": "Alex",
              "project": "cerberus",
              "region": "virginia"
            },
            "tenancy": "default",
            "timeouts": null,
            "user_data": "#!/bin/bash\necho \"Hello, World!\" \u003e ~/hello.txt\nyum update -y\nyum install -y httpd\nsystemctl start httpd\nsystemctl enable httpd",
            "user_data_base64": null,
            "user_data_replace_on_change": false,
            "volume_tags": null,
            "vpc_security_group_ids": [
              "sg-060bb58f426593b27"
            ]
          },
          "sensitive_attributes": [],
          "identity_schema_version": 0,
          "identity": {
            "account_id": "429965675882",
            "id": "i-0075cf968a3260b37",
            "region": "us-east-1"
          },
          "private": "eyJlMmJmYjczMC1lY2FhLTExZTYtOGY4OC0zNDM2M2JjN2M0YzAiOnsiY3JlYXRlIjo2MDAwMDAwMDAwMDAsImRlbGV0ZSI6MTIwMDAwMDAwMDAwMCwicmVhZCI6OTAwMDAwMDAwMDAwLCJ1cGRhdGUiOjYwMDAwMDAwMDAwMH0sInNjaGVtYV92ZXJzaW9uIjoiMiJ9",
          "dependencies": [
            "aws_default_security_group.sg_public_instance",
            "aws_subnet.public_subnet",
            "aws_vpc.vpc_virginina",
            "data.aws_key_pair.key_pair"
          ]
        }
      ]
    },
    {
      "mode": "managed",
      "type": "aws_internet_gateway",
      "name": "gw",
      "provider": "provider[\"registry.terraform.io/hashicorp/aws\"]",
      "instances": [
        {
          "schema_version": 0,
          "attributes": {
            "arn": "arn:aws:ec2:us-east-1:429965675882:internet-gateway/igw-04e16f9b46ff4a814",
            "id": "igw-04e16f9b46ff4a814",
            "owner_id": "429965675882",
            "region": "us-east-1",
            "tags": {
              "Name": "IGW VIRGINIA-cerberus-Dev-virginia"
            },
            "tags_all": {
              "IAC": "Terraform",
              "IAC_Version": "1.15.2",
              "Name": "IGW VIRGINIA-cerberus-Dev-virginia",
              "env": "Dev",
              "name": "prueba",
              "owner": "Alex",
              "project": "cerberus",
              "region": "virginia"
            },
            "timeouts": null,
            "vpc_id": "vpc-0f652d246ade0504a"
          },
          "sensitive_attributes": [],
          "identity_schema_version": 0,
          "private": "eyJlMmJmYjczMC1lY2FhLTExZTYtOGY4OC0zNDM2M2JjN2M0YzAiOnsiY3JlYXRlIjoxMjAwMDAwMDAwMDAwLCJkZWxldGUiOjEyMDAwMDAwMDAwMDAsInVwZGF0ZSI6MTIwMDAwMDAwMDAwMH19",
          "dependencies": [
            "aws_vpc.vpc_virginina"
          ]
        }
      ]
    },
    {
      "mode": "managed",
      "type": "aws_route_table",
      "name": "public_rt",
      "provider": "provider[\"registry.terraform.io/hashicorp/aws\"]",
      "instances": [
        {
          "schema_version": 0,
          "attributes": {
            "arn": "arn:aws:ec2:us-east-1:429965675882:route-table/rtb-0178235b343a03a5d",
            "id": "rtb-0178235b343a03a5d",
            "owner_id": "429965675882",
            "propagating_vgws": [],
            "region": "us-east-1",
            "route": [
              {
                "carrier_gateway_id": "",
                "cidr_block": "0.0.0.0/0",
                "core_network_arn": "",
                "destination_prefix_list_id": "",
                "egress_only_gateway_id": "",
                "gateway_id": "igw-04e16f9b46ff4a814",
                "ipv6_cidr_block": "",
                "local_gateway_id": "",
                "nat_gateway_id": "",
                "network_interface_id": "",
                "transit_gateway_id": "",
                "vpc_endpoint_id": "",
                "vpc_peering_connection_id": ""
              }
            ],
            "tags": {
              "Name": "public crt-cerberus-Dev-virginia"
            },
            "tags_all": {
              "IAC": "Terraform",
              "IAC_Version": "1.15.2",
              "Name": "public crt-cerberus-Dev-virginia",
              "env": "Dev",
              "name": "prueba",
              "owner": "Alex",
              "project": "cerberus",
              "region": "virginia"
            },
            "timeouts": null,
            "vpc_id": "vpc-0f652d246ade0504a"
          },
          "sensitive_attributes": [],
          "identity_schema_version": 0,
          "identity": {
            "account_id": "429965675882",
            "id": "rtb-0178235b343a03a5d",
            "region": "us-east-1"
          },
          "private": "eyJlMmJmYjczMC1lY2FhLTExZTYtOGY4OC0zNDM2M2JjN2M0YzAiOnsiY3JlYXRlIjozMDAwMDAwMDAwMDAsImRlbGV0ZSI6MzAwMDAwMDAwMDAwLCJ1cGRhdGUiOjEyMDAwMDAwMDAwMH19",
          "dependencies": [
            "aws_internet_gateway.gw",
            "aws_vpc.vpc_virginina"
          ]
        }
      ]
    },
    {
      "mode": "managed",
      "type": "aws_route_table_association",
      "name": "crta_public_subnet",
      "provider": "provider[\"registry.terraform.io/hashicorp/aws\"]",
      "instances": [
        {
          "schema_version": 0,
          "attributes": {
            "gateway_id": "",
            "id": "rtbassoc-08d683789c658a36b",
            "region": "us-east-1",
            "route_table_id": "rtb-0178235b343a03a5d",
            "subnet_id": "subnet-0508dc7528338773d",
            "timeouts": null
          },
          "sensitive_attributes": [],
          "identity_schema_version": 0,
          "identity": {
            "account_id": "429965675882",
            "id": "rtbassoc-08d683789c658a36b",
            "region": "us-east-1"
          },
          "private": "eyJlMmJmYjczMC1lY2FhLTExZTYtOGY4OC0zNDM2M2JjN2M0YzAiOnsiY3JlYXRlIjozMDAwMDAwMDAwMDAsImRlbGV0ZSI6MzAwMDAwMDAwMDAwLCJ1cGRhdGUiOjEyMDAwMDAwMDAwMH19",
          "dependencies": [
            "aws_internet_gateway.gw",
            "aws_route_table.public_rt",
            "aws_subnet.public_subnet",
            "aws_vpc.vpc_virginina"
          ]
        }
      ]
    },
    {
      "mode": "managed",
      "type": "aws_subnet",
      "name": "private_subnet",
      "provider": "provider[\"registry.terraform.io/hashicorp/aws\"]",
      "instances": [
        {
          "schema_version": 1,
          "attributes": {
            "arn": "arn:aws:ec2:us-east-1:429965675882:subnet/subnet-0e338a2eb18d631e2",
            "assign_ipv6_address_on_creation": false,
            "availability_zone": "us-east-1d",
            "availability_zone_id": "use1-az6",
            "cidr_block": "10.10.2.0/24",
            "customer_owned_ipv4_pool": "",
            "enable_dns64": false,
            "enable_lni_at_device_index": 0,
            "enable_resource_name_dns_a_record_on_launch": false,
            "enable_resource_name_dns_aaaa_record_on_launch": false,
            "id": "subnet-0e338a2eb18d631e2",
            "ipv4_ipam_pool_id": null,
            "ipv4_netmask_length": null,
            "ipv6_cidr_block": "",
            "ipv6_cidr_block_association_id": "",
            "ipv6_ipam_pool_id": null,
            "ipv6_native": false,
            "ipv6_netmask_length": null,
            "map_customer_owned_ip_on_launch": false,
            "map_public_ip_on_launch": false,
            "outpost_arn": "",
            "owner_id": "429965675882",
            "private_dns_hostname_type_on_launch": "ip-name",
            "region": "us-east-1",
            "tags": {
              "Name": "Private_Subnet-cerberus-Dev-virginia"
            },
            "tags_all": {
              "IAC": "Terraform",
              "IAC_Version": "1.15.2",
              "Name": "Private_Subnet-cerberus-Dev-virginia",
              "env": "Dev",
              "name": "prueba",
              "owner": "Alex",
              "project": "cerberus",
              "region": "virginia"
            },
            "timeouts": null,
            "vpc_id": "vpc-0f652d246ade0504a"
          },
          "sensitive_attributes": [],
          "identity_schema_version": 0,
          "identity": {
            "account_id": "429965675882",
            "id": "subnet-0e338a2eb18d631e2",
            "region": "us-east-1"
          },
          "private": "eyJlMmJmYjczMC1lY2FhLTExZTYtOGY4OC0zNDM2M2JjN2M0YzAiOnsiY3JlYXRlIjo2MDAwMDAwMDAwMDAsImRlbGV0ZSI6MTIwMDAwMDAwMDAwMH0sInNjaGVtYV92ZXJzaW9uIjoiMSJ9",
          "dependencies": [
            "aws_subnet.public_subnet",
            "aws_vpc.vpc_virginina"
          ]
        }
      ]
    },
    {
      "mode": "managed",
      "type": "aws_subnet",
      "name": "public_subnet",
      "provider": "provider[\"registry.terraform.io/hashicorp/aws\"]",
      "instances": [
        {
          "schema_version": 1,
          "attributes": {
            "arn": "arn:aws:ec2:us-east-1:429965675882:subnet/subnet-0508dc7528338773d",
            "assign_ipv6_address_on_creation": false,
            "availability_zone": "us-east-1d",
            "availability_zone_id": "use1-az6",
            "cidr_block": "10.10.1.0/24",
            "customer_owned_ipv4_pool": "",
            "enable_dns64": false,
            "enable_lni_at_device_index": 0,
            "enable_resource_name_dns_a_record_on_launch": false,
            "enable_resource_name_dns_aaaa_record_on_launch": false,
            "id": "subnet-0508dc7528338773d",
            "ipv4_ipam_pool_id": null,
            "ipv4_netmask_length": null,
            "ipv6_cidr_block": "",
            "ipv6_cidr_block_association_id": "",
            "ipv6_ipam_pool_id": null,
            "ipv6_native": false,
            "ipv6_netmask_length": null,
            "map_customer_owned_ip_on_launch": false,
            "map_public_ip_on_launch": true,
            "outpost_arn": "",
            "owner_id": "429965675882",
            "private_dns_hostname_type_on_launch": "ip-name",
            "region": "us-east-1",
            "tags": {
              "Name": "Public_Subnet-cerberus-Dev-virginia"
            },
            "tags_all": {
              "IAC": "Terraform",
              "IAC_Version": "1.15.2",
              "Name": "Public_Subnet-cerberus-Dev-virginia",
              "env": "Dev",
              "name": "prueba",
              "owner": "Alex",
              "project": "cerberus",
              "region": "virginia"
            },
            "timeouts": null,
            "vpc_id": "vpc-0f652d246ade0504a"
          },
          "sensitive_attributes": [],
          "identity_schema_version": 0,
          "identity": {
            "account_id": "429965675882",
            "id": "subnet-0508dc7528338773d",
            "region": "us-east-1"
          },
          "private": "eyJlMmJmYjczMC1lY2FhLTExZTYtOGY4OC0zNDM2M2JjN2M0YzAiOnsiY3JlYXRlIjo2MDAwMDAwMDAwMDAsImRlbGV0ZSI6MTIwMDAwMDAwMDAwMH0sInNjaGVtYV92ZXJzaW9uIjoiMSJ9",
          "dependencies": [
            "aws_vpc.vpc_virginina"
          ]
        }
      ]
    },
    {
      "mode": "managed",
      "type": "aws_vpc",
      "name": "vpc_virginina",
      "provider": "provider[\"registry.terraform.io/hashicorp/aws\"]",
      "instances": [
        {
          "schema_version": 1,
          "attributes": {
            "arn": "arn:aws:ec2:us-east-1:429965675882:vpc/vpc-0f652d246ade0504a",
            "assign_generated_ipv6_cidr_block": false,
            "cidr_block": "10.10.0.0/16",
            "default_network_acl_id": "acl-08847d8cdfe20382f",
            "default_route_table_id": "rtb-002cac960786b9690",
            "default_security_group_id": "sg-060bb58f426593b27",
            "dhcp_options_id": "dopt-08b8dbdf19ef9b4cd",
            "enable_dns_hostnames": false,
            "enable_dns_support": true,
            "enable_network_address_usage_metrics": false,
            "id": "vpc-0f652d246ade0504a",
            "instance_tenancy": "default",
            "ipv4_ipam_pool_id": null,
            "ipv4_netmask_length": null,
            "ipv6_association_id": "",
            "ipv6_cidr_block": "",
            "ipv6_cidr_block_network_border_group": "",
            "ipv6_ipam_pool_id": "",
            "ipv6_netmask_length": 0,
            "main_route_table_id": "rtb-002cac960786b9690",
            "owner_id": "429965675882",
            "region": "us-east-1",
            "tags": {
              "Name": "VPC_VIRGINIA-cerberus-Dev-virginia"
            },
            "tags_all": {
              "IAC": "Terraform",
              "IAC_Version": "1.15.2",
              "Name": "VPC_VIRGINIA-cerberus-Dev-virginia",
              "env": "Dev",
              "name": "prueba",
              "owner": "Alex",
              "project": "cerberus",
              "region": "virginia"
            }
          },
          "sensitive_attributes": [],
          "identity_schema_version": 0,
          "identity": {
            "account_id": "429965675882",
            "id": "vpc-0f652d246ade0504a",
            "region": "us-east-1"
          },
          "private": "eyJzY2hlbWFfdmVyc2lvbiI6IjEifQ=="
        }
      ]
    },
    {
      "mode": "managed",
      "type": "random_string",
      "name": "bucket_suffix",
      "provider": "provider[\"registry.terraform.io/hashicorp/random\"]",
      "instances": [
        {
          "schema_version": 2,
          "attributes": {
            "id": "v9s0nar8",
            "keepers": null,
            "length": 8,
            "lower": true,
            "min_lower": 0,
            "min_numeric": 0,
            "min_special": 0,
            "min_upper": 0,
            "number": true,
            "numeric": true,
            "override_special": null,
            "result": "v9s0nar8",
            "special": false,
            "upper": false
          },
          "sensitive_attributes": [],
          "identity_schema_version": 0
        }
      ]
    },
    {
      "module": "module.my_s3_bucket",
      "mode": "managed",
      "type": "aws_s3_bucket",
      "name": "cerberus_bucket",
      "provider": "provider[\"registry.terraform.io/hashicorp/aws\"]",
      "instances": [
        {
          "schema_version": 0,
          "attributes": {
            "acceleration_status": "",
            "acl": null,
            "arn": "arn:aws:s3:::nombreunico-1231535",
            "bucket": "nombreunico-1231535",
            "bucket_domain_name": "nombreunico-1231535.s3.amazonaws.com",
            "bucket_namespace": "global",
            "bucket_prefix": "",
            "bucket_region": "us-east-1",
            "bucket_regional_domain_name": "nombreunico-1231535.s3.us-east-1.amazonaws.com",
            "cors_rule": [],
            "force_destroy": false,
            "grant": [
              {
                "id": "b206802a79880825d4d494a931b59d6bf3a86babc3e3d28144e1e9b6a01b5f49",
                "permissions": [
                  "FULL_CONTROL"
                ],
                "type": "CanonicalUser",
                "uri": ""
              }
            ],
            "hosted_zone_id": "Z3AQBSTGFYJSTF",
            "id": "nombreunico-1231535",
            "lifecycle_rule": [],
            "logging": [],
            "object_lock_configuration": [],
            "object_lock_enabled": false,
            "policy": "",
            "region": "us-east-1",
            "replication_configuration": [],
            "request_payer": "BucketOwner",
            "server_side_encryption_configuration": [
              {
                "rule": [
                  {
                    "apply_server_side_encryption_by_default": [
                      {
                        "kms_master_key_id": "",
                        "sse_algorithm": "AES256"
                      }
                    ],
                    "bucket_key_enabled": false
                  }
                ]
              }
            ],
            "tags": null,
            "tags_all": {
              "IAC": "Terraform",
              "IAC_Version": "1.15.2",
              "env": "Dev",
              "name": "prueba",
              "owner": "Alex",
              "project": "cerberus",
              "region": "virginia"
            },
            "timeouts": null,
            "versioning": [
              {
                "enabled": false,
                "mfa_delete": false
              }
            ],
            "website": [],
            "website_domain": null,
            "website_endpoint": null
          },
          "sensitive_attributes": [],
          "identity_schema_version": 0,
          "identity": {
            "account_id": "429965675882",
            "bucket": "nombreunico-1231535",
            "region": "us-east-1"
          },
          "private": "eyJlMmJmYjczMC1lY2FhLTExZTYtOGY4OC0zNDM2M2JjN2M0YzAiOnsiY3JlYXRlIjoxMjAwMDAwMDAwMDAwLCJkZWxldGUiOjM2MDAwMDAwMDAwMDAsInJlYWQiOjEyMDAwMDAwMDAwMDAsInVwZGF0ZSI6MTIwMDAwMDAwMDAwMH19"
        }
      ]
    },
    {
      "module": "module.terraform_state_backend",
      "mode": "data",
      "type": "aws_iam_policy_document",
      "name": "aggregated_policy",
      "provider": "provider[\"registry.terraform.io/hashicorp/aws\"]",
      "instances": [
        {
          "index_key": 0,
          "schema_version": 0,
          "attributes": {
            "id": "3839413880",
            "json": "{\n  \"Version\": \"2012-10-17\",\n  \"Statement\": [\n    {\n      \"Sid\": \"DenyIncorrectEncryptionHeader\",\n      \"Effect\": \"Deny\",\n      \"Action\": \"s3:PutObject\",\n      \"Resource\": \"arn:aws:s3:::pruebas-terraform-us-east-1-prod-terraform-state/*\",\n      \"Principal\": {\n        \"AWS\": \"*\"\n      },\n      \"Condition\": {\n        \"StringNotEquals\": {\n          \"s3:x-amz-server-side-encryption\": [\n            \"AES256\",\n            \"aws:kms\"\n          ]\n        }\n      }\n    },\n    {\n      \"Sid\": \"DenyUnEncryptedObjectUploads\",\n      \"Effect\": \"Deny\",\n      \"Action\": \"s3:PutObject\",\n      \"Resource\": \"arn:aws:s3:::pruebas-terraform-us-east-1-prod-terraform-state/*\",\n      \"Principal\": {\n        \"AWS\": \"*\"\n      },\n      \"Condition\": {\n        \"Null\": {\n          \"s3:x-amz-server-side-encryption\": \"true\"\n        }\n      }\n    },\n    {\n      \"Sid\": \"EnforceTlsRequestsOnly\",\n      \"Effect\": \"Deny\",\n      \"Action\": \"s3:*\",\n      \"Resource\": [\n        \"arn:aws:s3:::pruebas-terraform-us-east-1-prod-terraform-state/*\",\n        \"arn:aws:s3:::pruebas-terraform-us-east-1-prod-terraform-state\"\n      ],\n      \"Principal\": {\n        \"AWS\": \"*\"\n      },\n      \"Condition\": {\n        \"Bool\": {\n          \"aws:SecureTransport\": \"false\"\n        }\n      }\n    }\n  ]\n}",
            "minified_json": "{\"Version\":\"2012-10-17\",\"Statement\":[{\"Sid\":\"DenyIncorrectEncryptionHeader\",\"Effect\":\"Deny\",\"Action\":\"s3:PutObject\",\"Resource\":\"arn:aws:s3:::pruebas-terraform-us-east-1-prod-terraform-state/*\",\"Principal\":{\"AWS\":\"*\"},\"Condition\":{\"StringNotEquals\":{\"s3:x-amz-server-side-encryption\":[\"AES256\",\"aws:kms\"]}}},{\"Sid\":\"DenyUnEncryptedObjectUploads\",\"Effect\":\"Deny\",\"Action\":\"s3:PutObject\",\"Resource\":\"arn:aws:s3:::pruebas-terraform-us-east-1-prod-terraform-state/*\",\"Principal\":{\"AWS\":\"*\"},\"Condition\":{\"Null\":{\"s3:x-amz-server-side-encryption\":\"true\"}}},{\"Sid\":\"EnforceTlsRequestsOnly\",\"Effect\":\"Deny\",\"Action\":\"s3:*\",\"Resource\":[\"arn:aws:s3:::pruebas-terraform-us-east-1-prod-terraform-state/*\",\"arn:aws:s3:::pruebas-terraform-us-east-1-prod-terraform-state\"],\"Principal\":{\"AWS\":\"*\"},\"Condition\":{\"Bool\":{\"aws:SecureTransport\":\"false\"}}}]}",
            "override_json": null,
            "override_policy_documents": null,
            "policy_id": null,
            "source_json": null,
            "source_policy_documents": [
              "{\n  \"Version\": \"2012-10-17\",\n  \"Statement\": [\n    {\n      \"Sid\": \"DenyIncorrectEncryptionHeader\",\n      \"Effect\": \"Deny\",\n      \"Action\": \"s3:PutObject\",\n      \"Resource\": \"arn:aws:s3:::pruebas-terraform-us-east-1-prod-terraform-state/*\",\n      \"Principal\": {\n        \"AWS\": \"*\"\n      },\n      \"Condition\": {\n        \"StringNotEquals\": {\n          \"s3:x-amz-server-side-encryption\": [\n            \"AES256\",\n            \"aws:kms\"\n          ]\n        }\n      }\n    },\n    {\n      \"Sid\": \"DenyUnEncryptedObjectUploads\",\n      \"Effect\": \"Deny\",\n      \"Action\": \"s3:PutObject\",\n      \"Resource\": \"arn:aws:s3:::pruebas-terraform-us-east-1-prod-terraform-state/*\",\n      \"Principal\": {\n        \"AWS\": \"*\"\n      },\n      \"Condition\": {\n        \"Null\": {\n          \"s3:x-amz-server-side-encryption\": \"true\"\n        }\n      }\n    },\n    {\n      \"Sid\": \"EnforceTlsRequestsOnly\",\n      \"Effect\": \"Deny\",\n      \"Action\": \"s3:*\",\n      \"Resource\": [\n        \"arn:aws:s3:::pruebas-terraform-us-east-1-prod-terraform-state/*\",\n        \"arn:aws:s3:::pruebas-terraform-us-east-1-prod-terraform-state\"\n      ],\n      \"Principal\": {\n        \"AWS\": \"*\"\n      },\n      \"Condition\": {\n        \"Bool\": {\n          \"aws:SecureTransport\": \"false\"\n        }\n      }\n    }\n  ]\n}"
            ],
            "statement": null,
            "version": "2012-10-17"
          },
          "sensitive_attributes": [],
          "identity_schema_version": 0
        }
      ]
    },
    {
      "module": "module.terraform_state_backend",
      "mode": "data",
      "type": "aws_iam_policy_document",
      "name": "bucket_policy",
      "provider": "provider[\"registry.terraform.io/hashicorp/aws\"]",
      "instances": [
        {
          "index_key": 0,
          "schema_version": 0,
          "attributes": {
            "id": "3839413880",
            "json": "{\n  \"Version\": \"2012-10-17\",\n  \"Statement\": [\n    {\n      \"Sid\": \"DenyIncorrectEncryptionHeader\",\n      \"Effect\": \"Deny\",\n      \"Action\": \"s3:PutObject\",\n      \"Resource\": \"arn:aws:s3:::pruebas-terraform-us-east-1-prod-terraform-state/*\",\n      \"Principal\": {\n        \"AWS\": \"*\"\n      },\n      \"Condition\": {\n        \"StringNotEquals\": {\n          \"s3:x-amz-server-side-encryption\": [\n            \"AES256\",\n            \"aws:kms\"\n          ]\n        }\n      }\n    },\n    {\n      \"Sid\": \"DenyUnEncryptedObjectUploads\",\n      \"Effect\": \"Deny\",\n      \"Action\": \"s3:PutObject\",\n      \"Resource\": \"arn:aws:s3:::pruebas-terraform-us-east-1-prod-terraform-state/*\",\n      \"Principal\": {\n        \"AWS\": \"*\"\n      },\n      \"Condition\": {\n        \"Null\": {\n          \"s3:x-amz-server-side-encryption\": \"true\"\n        }\n      }\n    },\n    {\n      \"Sid\": \"EnforceTlsRequestsOnly\",\n      \"Effect\": \"Deny\",\n      \"Action\": \"s3:*\",\n      \"Resource\": [\n        \"arn:aws:s3:::pruebas-terraform-us-east-1-prod-terraform-state/*\",\n        \"arn:aws:s3:::pruebas-terraform-us-east-1-prod-terraform-state\"\n      ],\n      \"Principal\": {\n        \"AWS\": \"*\"\n      },\n      \"Condition\": {\n        \"Bool\": {\n          \"aws:SecureTransport\": \"false\"\n        }\n      }\n    }\n  ]\n}",
            "minified_json": "{\"Version\":\"2012-10-17\",\"Statement\":[{\"Sid\":\"DenyIncorrectEncryptionHeader\",\"Effect\":\"Deny\",\"Action\":\"s3:PutObject\",\"Resource\":\"arn:aws:s3:::pruebas-terraform-us-east-1-prod-terraform-state/*\",\"Principal\":{\"AWS\":\"*\"},\"Condition\":{\"StringNotEquals\":{\"s3:x-amz-server-side-encryption\":[\"AES256\",\"aws:kms\"]}}},{\"Sid\":\"DenyUnEncryptedObjectUploads\",\"Effect\":\"Deny\",\"Action\":\"s3:PutObject\",\"Resource\":\"arn:aws:s3:::pruebas-terraform-us-east-1-prod-terraform-state/*\",\"Principal\":{\"AWS\":\"*\"},\"Condition\":{\"Null\":{\"s3:x-amz-server-side-encryption\":\"true\"}}},{\"Sid\":\"EnforceTlsRequestsOnly\",\"Effect\":\"Deny\",\"Action\":\"s3:*\",\"Resource\":[\"arn:aws:s3:::pruebas-terraform-us-east-1-prod-terraform-state/*\",\"arn:aws:s3:::pruebas-terraform-us-east-1-prod-terraform-state\"],\"Principal\":{\"AWS\":\"*\"},\"Condition\":{\"Bool\":{\"aws:SecureTransport\":\"false\"}}}]}",
            "override_json": null,
            "override_policy_documents": null,
            "policy_id": null,
            "source_json": null,
            "source_policy_documents": null,
            "statement": [
              {
                "actions": [
                  "s3:PutObject"
                ],
                "condition": [
                  {
                    "test": "StringNotEquals",
                    "values": [
                      "AES256",
                      "aws:kms"
                    ],
                    "variable": "s3:x-amz-server-side-encryption"
                  }
                ],
                "effect": "Deny",
                "not_actions": [],
                "not_principals": [],
                "not_resources": [],
                "principals": [
                  {
                    "identifiers": [
                      "*"
                    ],
                    "type": "AWS"
                  }
                ],
                "resources": [
                  "arn:aws:s3:::pruebas-terraform-us-east-1-prod-terraform-state/*"
                ],
                "sid": "DenyIncorrectEncryptionHeader"
              },
              {
                "actions": [
                  "s3:PutObject"
                ],
                "condition": [
                  {
                    "test": "Null",
                    "values": [
                      "true"
                    ],
                    "variable": "s3:x-amz-server-side-encryption"
                  }
                ],
                "effect": "Deny",
                "not_actions": [],
                "not_principals": [],
                "not_resources": [],
                "principals": [
                  {
                    "identifiers": [
                      "*"
                    ],
                    "type": "AWS"
                  }
                ],
                "resources": [
                  "arn:aws:s3:::pruebas-terraform-us-east-1-prod-terraform-state/*"
                ],
                "sid": "DenyUnEncryptedObjectUploads"
              },
              {
                "actions": [
                  "s3:*"
                ],
                "condition": [
                  {
                    "test": "Bool",
                    "values": [
                      "false"
                    ],
                    "variable": "aws:SecureTransport"
                  }
                ],
                "effect": "Deny",
                "not_actions": [],
                "not_principals": [],
                "not_resources": [],
                "principals": [
                  {
                    "identifiers": [
                      "*"
                    ],
                    "type": "AWS"
                  }
                ],
                "resources": [
                  "arn:aws:s3:::pruebas-terraform-us-east-1-prod-terraform-state",
                  "arn:aws:s3:::pruebas-terraform-us-east-1-prod-terraform-state/*"
                ],
                "sid": "EnforceTlsRequestsOnly"
              }
            ],
            "version": "2012-10-17"
          },
          "sensitive_attributes": [],
          "identity_schema_version": 0
        }
      ]
    },
    {
      "module": "module.terraform_state_backend",
      "mode": "data",
      "type": "aws_region",
      "name": "current",
      "provider": "provider[\"registry.terraform.io/hashicorp/aws\"]",
      "instances": [
        {
          "schema_version": 0,
          "attributes": {
            "description": "US East (N. Virginia)",
            "endpoint": "ec2.us-east-1.amazonaws.com",
            "id": "us-east-1",
            "name": "us-east-1",
            "region": "us-east-1"
          },
          "sensitive_attributes": [],
          "identity_schema_version": 0
        }
      ]
    },
    {
      "module": "module.terraform_state_backend",
      "mode": "managed",
      "type": "aws_dynamodb_table",
      "name": "with_server_side_encryption",
      "provider": "provider[\"registry.terraform.io/hashicorp/aws\"]",
      "instances": [
        {
          "index_key": 0,
          "schema_version": 1,
          "attributes": {
            "arn": "arn:aws:dynamodb:us-east-1:429965675882:table/pruebas-terraform-us-east-1-prod-terraform-state-lock",
            "attribute": [
              {
                "name": "LockID",
                "type": "S"
              }
            ],
            "billing_mode": "PAY_PER_REQUEST",
            "deletion_protection_enabled": false,
            "global_secondary_index": [],
            "global_table_witness": [],
            "hash_key": "LockID",
            "id": "pruebas-terraform-us-east-1-prod-terraform-state-lock",
            "import_table": [],
            "local_secondary_index": [],
            "name": "pruebas-terraform-us-east-1-prod-terraform-state-lock",
            "on_demand_throughput": [],
            "point_in_time_recovery": [
              {
                "enabled": true,
                "recovery_period_in_days": 35
              }
            ],
            "range_key": null,
            "read_capacity": 0,
            "region": "us-east-1",
            "replica": [],
            "restore_backup_arn": null,
            "restore_date_time": null,
            "restore_source_name": null,
            "restore_source_table_arn": null,
            "restore_to_latest_time": null,
            "server_side_encryption": [
              {
                "enabled": true,
                "kms_key_arn": ""
              }
            ],
            "stream_arn": "",
            "stream_enabled": false,
            "stream_label": "",
            "stream_view_type": "",
            "table_class": "STANDARD",
            "tags": {
              "Attributes": "state-lock",
              "Environment": "us-east-1",
              "Name": "pruebas-terraform-us-east-1-prod-terraform-state-lock",
              "Namespace": "pruebas-terraform",
              "Stage": "prod"
            },
            "tags_all": {
              "Attributes": "state-lock",
              "Environment": "us-east-1",
              "IAC": "Terraform",
              "IAC_Version": "1.15.2",
              "Name": "pruebas-terraform-us-east-1-prod-terraform-state-lock",
              "Namespace": "pruebas-terraform",
              "Stage": "prod",
              "env": "Dev",
              "name": "prueba",
              "owner": "Alex",
              "project": "cerberus",
              "region": "virginia"
            },
            "timeouts": null,
            "ttl": [
              {
                "attribute_name": "",
                "enabled": false
              }
            ],
            "warm_throughput": [],
            "write_capacity": 0
          },
          "sensitive_attributes": [],
          "identity_schema_version": 0,
          "private": "eyJlMmJmYjczMC1lY2FhLTExZTYtOGY4OC0zNDM2M2JjN2M0YzAiOnsiY3JlYXRlIjoxODAwMDAwMDAwMDAwLCJkZWxldGUiOjYwMDAwMDAwMDAwMCwidXBkYXRlIjozNjAwMDAwMDAwMDAwfSwic2NoZW1hX3ZlcnNpb24iOiIxIn0="
        }
      ]
    },
    {
      "module": "module.terraform_state_backend",
      "mode": "managed",
      "type": "aws_s3_bucket",
      "name": "default",
      "provider": "provider[\"registry.terraform.io/hashicorp/aws\"]",
      "instances": [
        {
          "index_key": 0,
          "schema_version": 0,
          "attributes": {
            "acceleration_status": "",
            "acl": null,
            "arn": "arn:aws:s3:::pruebas-terraform-us-east-1-prod-terraform-state",
            "bucket": "pruebas-terraform-us-east-1-prod-terraform-state",
            "bucket_domain_name": "pruebas-terraform-us-east-1-prod-terraform-state.s3.amazonaws.com",
            "bucket_namespace": "global",
            "bucket_prefix": "",
            "bucket_region": "us-east-1",
            "bucket_regional_domain_name": "pruebas-terraform-us-east-1-prod-terraform-state.s3.us-east-1.amazonaws.com",
            "cors_rule": [],
            "force_destroy": false,
            "grant": [
              {
                "id": "b206802a79880825d4d494a931b59d6bf3a86babc3e3d28144e1e9b6a01b5f49",
                "permissions": [
                  "FULL_CONTROL"
                ],
                "type": "CanonicalUser",
                "uri": ""
              }
            ],
            "hosted_zone_id": "Z3AQBSTGFYJSTF",
            "id": "pruebas-terraform-us-east-1-prod-terraform-state",
            "lifecycle_rule": [],
            "logging": [],
            "object_lock_configuration": [],
            "object_lock_enabled": false,
            "policy": "",
            "region": "us-east-1",
            "replication_configuration": [],
            "request_payer": "BucketOwner",
            "server_side_encryption_configuration": [
              {
                "rule": [
                  {
                    "apply_server_side_encryption_by_default": [
                      {
                        "kms_master_key_id": "",
                        "sse_algorithm": "AES256"
                      }
                    ],
                    "bucket_key_enabled": false
                  }
                ]
              }
            ],
            "tags": {
              "Attributes": "state",
              "Environment": "us-east-1",
              "Name": "pruebas-terraform-us-east-1-prod-terraform-state",
              "Namespace": "pruebas-terraform",
              "Stage": "prod"
            },
            "tags_all": {
              "Attributes": "state",
              "Environment": "us-east-1",
              "IAC": "Terraform",
              "IAC_Version": "1.15.2",
              "Name": "pruebas-terraform-us-east-1-prod-terraform-state",
              "Namespace": "pruebas-terraform",
              "Stage": "prod",
              "env": "Dev",
              "name": "prueba",
              "owner": "Alex",
              "project": "cerberus",
              "region": "virginia"
            },
            "timeouts": null,
            "versioning": [
              {
                "enabled": false,
                "mfa_delete": false
              }
            ],
            "website": [],
            "website_domain": null,
            "website_endpoint": null
          },
          "sensitive_attributes": [],
          "identity_schema_version": 0,
          "identity": {
            "account_id": "429965675882",
            "bucket": "pruebas-terraform-us-east-1-prod-terraform-state",
            "region": "us-east-1"
          },
          "private": "eyJlMmJmYjczMC1lY2FhLTExZTYtOGY4OC0zNDM2M2JjN2M0YzAiOnsiY3JlYXRlIjoxMjAwMDAwMDAwMDAwLCJkZWxldGUiOjM2MDAwMDAwMDAwMDAsInJlYWQiOjEyMDAwMDAwMDAwMDAsInVwZGF0ZSI6MTIwMDAwMDAwMDAwMH19"
        }
      ]
    },
    {
      "module": "module.terraform_state_backend",
      "mode": "managed",
      "type": "aws_s3_bucket_ownership_controls",
      "name": "default",
      "provider": "provider[\"registry.terraform.io/hashicorp/aws\"]",
      "instances": [
        {
          "index_key": 0,
          "schema_version": 0,
          "attributes": {
            "bucket": "pruebas-terraform-us-east-1-prod-terraform-state",
            "id": "pruebas-terraform-us-east-1-prod-terraform-state",
            "region": "us-east-1",
            "rule": [
              {
                "object_ownership": "BucketOwnerEnforced"
              }
            ]
          },
          "sensitive_attributes": [],
          "identity_schema_version": 0,
          "identity": {
            "account_id": "429965675882",
            "bucket": "pruebas-terraform-us-east-1-prod-terraform-state",
            "region": "us-east-1"
          },
          "private": "bnVsbA==",
          "dependencies": [
            "module.terraform_state_backend.aws_s3_bucket.default",
            "module.terraform_state_backend.aws_s3_bucket_policy.default",
            "module.terraform_state_backend.aws_s3_bucket_public_access_block.default",
            "module.terraform_state_backend.data.aws_iam_policy_document.aggregated_policy",
            "module.terraform_state_backend.data.aws_iam_policy_document.bucket_policy",
            "module.terraform_state_backend.time_sleep.wait_for_aws_s3_bucket_settings"
          ]
        }
      ]
    },
    {
      "module": "module.terraform_state_backend",
      "mode": "managed",
      "type": "aws_s3_bucket_policy",
      "name": "default",
      "provider": "provider[\"registry.terraform.io/hashicorp/aws\"]",
      "instances": [
        {
          "index_key": 0,
          "schema_version": 0,
          "attributes": {
            "bucket": "pruebas-terraform-us-east-1-prod-terraform-state",
            "id": "pruebas-terraform-us-east-1-prod-terraform-state",
            "policy": "{\"Statement\":[{\"Action\":\"s3:PutObject\",\"Condition\":{\"StringNotEquals\":{\"s3:x-amz-server-side-encryption\":[\"AES256\",\"aws:kms\"]}},\"Effect\":\"Deny\",\"Principal\":{\"AWS\":\"*\"},\"Resource\":\"arn:aws:s3:::pruebas-terraform-us-east-1-prod-terraform-state/*\",\"Sid\":\"DenyIncorrectEncryptionHeader\"},{\"Action\":\"s3:PutObject\",\"Condition\":{\"Null\":{\"s3:x-amz-server-side-encryption\":\"true\"}},\"Effect\":\"Deny\",\"Principal\":{\"AWS\":\"*\"},\"Resource\":\"arn:aws:s3:::pruebas-terraform-us-east-1-prod-terraform-state/*\",\"Sid\":\"DenyUnEncryptedObjectUploads\"},{\"Action\":\"s3:*\",\"Condition\":{\"Bool\":{\"aws:SecureTransport\":\"false\"}},\"Effect\":\"Deny\",\"Principal\":{\"AWS\":\"*\"},\"Resource\":[\"arn:aws:s3:::pruebas-terraform-us-east-1-prod-terraform-state/*\",\"arn:aws:s3:::pruebas-terraform-us-east-1-prod-terraform-state\"],\"Sid\":\"EnforceTlsRequestsOnly\"}],\"Version\":\"2012-10-17\"}",
            "region": "us-east-1"
          },
          "sensitive_attributes": [],
          "identity_schema_version": 0,
          "identity": {
            "account_id": "429965675882",
            "bucket": "pruebas-terraform-us-east-1-prod-terraform-state",
            "region": "us-east-1"
          },
          "private": "bnVsbA==",
          "dependencies": [
            "module.terraform_state_backend.aws_s3_bucket.default",
            "module.terraform_state_backend.aws_s3_bucket_public_access_block.default",
            "module.terraform_state_backend.data.aws_iam_policy_document.aggregated_policy",
            "module.terraform_state_backend.data.aws_iam_policy_document.bucket_policy"
          ]
        }
      ]
    },
    {
      "module": "module.terraform_state_backend",
      "mode": "managed",
      "type": "aws_s3_bucket_public_access_block",
      "name": "default",
      "provider": "provider[\"registry.terraform.io/hashicorp/aws\"]",
      "instances": [
        {
          "index_key": 0,
          "schema_version": 0,
          "attributes": {
            "block_public_acls": true,
            "block_public_policy": true,
            "bucket": "pruebas-terraform-us-east-1-prod-terraform-state",
            "id": "pruebas-terraform-us-east-1-prod-terraform-state",
            "ignore_public_acls": true,
            "region": "us-east-1",
            "restrict_public_buckets": true,
            "skip_destroy": null
          },
          "sensitive_attributes": [],
          "identity_schema_version": 0,
          "identity": {
            "account_id": "429965675882",
            "bucket": "pruebas-terraform-us-east-1-prod-terraform-state",
            "region": "us-east-1"
          },
          "private": "bnVsbA==",
          "dependencies": [
            "module.terraform_state_backend.aws_s3_bucket.default"
          ]
        }
      ]
    },
    {
      "module": "module.terraform_state_backend",
      "mode": "managed",
      "type": "aws_s3_bucket_server_side_encryption_configuration",
      "name": "default",
      "provider": "provider[\"registry.terraform.io/hashicorp/aws\"]",
      "instances": [
        {
          "index_key": 0,
          "schema_version": 0,
          "attributes": {
            "bucket": "pruebas-terraform-us-east-1-prod-terraform-state",
            "expected_bucket_owner": "",
            "id": "pruebas-terraform-us-east-1-prod-terraform-state",
            "region": "us-east-1",
            "rule": [
              {
                "apply_server_side_encryption_by_default": [
                  {
                    "kms_master_key_id": "",
                    "sse_algorithm": "AES256"
                  }
                ],
                "blocked_encryption_types": [
                  "SSE-C"
                ],
                "bucket_key_enabled": false
              }
            ]
          },
          "sensitive_attributes": [],
          "identity_schema_version": 1,
          "identity": {
            "account_id": "429965675882",
            "bucket": "pruebas-terraform-us-east-1-prod-terraform-state",
            "region": "us-east-1"
          },
          "private": "bnVsbA==",
          "dependencies": [
            "module.terraform_state_backend.aws_s3_bucket.default"
          ]
        }
      ]
    },
    {
      "module": "module.terraform_state_backend",
      "mode": "managed",
      "type": "aws_s3_bucket_versioning",
      "name": "default",
      "provider": "provider[\"registry.terraform.io/hashicorp/aws\"]",
      "instances": [
        {
          "index_key": 0,
          "schema_version": 0,
          "attributes": {
            "bucket": "pruebas-terraform-us-east-1-prod-terraform-state",
            "expected_bucket_owner": "",
            "id": "pruebas-terraform-us-east-1-prod-terraform-state",
            "mfa": null,
            "region": "us-east-1",
            "versioning_configuration": [
              {
                "mfa_delete": "Disabled",
                "status": "Enabled"
              }
            ]
          },
          "sensitive_attributes": [],
          "identity_schema_version": 1,
          "identity": {
            "account_id": "429965675882",
            "bucket": "pruebas-terraform-us-east-1-prod-terraform-state",
            "region": "us-east-1"
          },
          "private": "bnVsbA==",
          "dependencies": [
            "module.terraform_state_backend.aws_s3_bucket.default"
          ]
        }
      ]
    },
    {
      "module": "module.terraform_state_backend",
      "mode": "managed",
      "type": "local_file",
      "name": "terraform_backend_config",
      "provider": "provider[\"registry.terraform.io/hashicorp/local\"]",
      "instances": [
        {
          "index_key": 0,
          "schema_version": 0,
          "attributes": {
            "content": "terraform {\r\n  required_version = \"\u003e= 1.0.0\"\r\n\r\n  backend \"s3\" {\r\n    region  = \"us-east-1\"\r\n    bucket  = \"pruebas-terraform-us-east-1-prod-terraform-state\"\r\n    key     = \"terraform.tfstate\"\r\n    profile = \"\"\r\n    encrypt = \"true\"\r\n\r\n    dynamodb_table = \"pruebas-terraform-us-east-1-prod-terraform-state-lock\"\r\n  }\r\n}\r\n",
            "content_base64": null,
            "content_base64sha256": "y+KqeqbR1iIQR2LHZA4hoRsbzRpq0CChzckLhuNvARE=",
            "content_base64sha512": "XErnrXrCtIqwxdsO38qy9+hY0MG7ZJ2bkfEATVrdigeu1e+70x2Ig38Sn85jsE4jqNQyXREKRi4wGauf0qwveQ==",
            "content_md5": "b2f1199694a5b78a08943805ee56d5ad",
            "content_sha1": "a2a2d0ab04f61a6572e64ae2c801cafe83a17bdc",
            "content_sha256": "cbe2aa7aa6d1d622104762c7640e21a11b1bcd1a6ad020a1cdc90b86e36f0111",
            "content_sha512": "5c4ae7ad7ac2b48ab0c5db0edfcab2f7e858d0c1bb649d9b91f1004d5add8a07aed5efbbd31d88837f129fce63b04e23a8d4325d110a462e3019ab9fd2ac2f79",
            "directory_permission": "0777",
            "file_permission": "0644",
            "filename": "./backend.tf",
            "id": "a2a2d0ab04f61a6572e64ae2c801cafe83a17bdc",
            "sensitive_content": null,
            "source": null
          },
          "sensitive_attributes": [
            [
              {
                "type": "get_attr",
                "value": "sensitive_content"
              }
            ]
          ],
          "identity_schema_version": 0,
          "dependencies": [
            "module.terraform_state_backend.aws_dynamodb_table.with_server_side_encryption",
            "module.terraform_state_backend.aws_s3_bucket.default",
            "module.terraform_state_backend.data.aws_region.current"
          ]
        }
      ]
    },
    {
      "module": "module.terraform_state_backend",
      "mode": "managed",
      "type": "time_sleep",
      "name": "wait_for_aws_s3_bucket_settings",
      "provider": "provider[\"registry.terraform.io/hashicorp/time\"]",
      "instances": [
        {
          "index_key": 0,
          "schema_version": 0,
          "attributes": {
            "create_duration": "30s",
            "destroy_duration": "30s",
            "id": "2026-05-28T19:23:11Z",
            "triggers": null
          },
          "sensitive_attributes": [],
          "identity_schema_version": 0,
          "dependencies": [
            "module.terraform_state_backend.aws_s3_bucket.default",
            "module.terraform_state_backend.aws_s3_bucket_policy.default",
            "module.terraform_state_backend.aws_s3_bucket_public_access_block.default",
            "module.terraform_state_backend.data.aws_iam_policy_document.aggregated_policy",
            "module.terraform_state_backend.data.aws_iam_policy_document.bucket_policy"
          ]
        }
      ]
    }
  ],
  "check_results": [
    {
      "object_kind": "var",
      "config_addr": "module.terraform_state_backend.module.bucket_label.var.context",
      "status": "pass",
      "objects": [
        {
          "object_addr": "module.terraform_state_backend.module.bucket_label.var.context",
          "status": "pass"
        }
      ]
    },
    {
      "object_kind": "var",
      "config_addr": "module.terraform_state_backend.module.replication_label.var.context",
      "status": "pass",
      "objects": [
        {
          "object_addr": "module.terraform_state_backend.module.replication_label.var.context",
          "status": "pass"
        }
      ]
    },
    {
      "object_kind": "var",
      "config_addr": "module.terraform_state_backend.module.bucket_label.var.label_value_case",
      "status": "pass",
      "objects": [
        {
          "object_addr": "module.terraform_state_backend.module.bucket_label.var.label_value_case",
          "status": "pass"
        }
      ]
    },
    {
      "object_kind": "var",
      "config_addr": "module.terraform_state_backend.module.this.var.label_key_case",
      "status": "pass",
      "objects": [
        {
          "object_addr": "module.terraform_state_backend.module.this.var.label_key_case",
          "status": "pass"
        }
      ]
    },
    {
      "object_kind": "var",
      "config_addr": "module.terraform_state_backend.module.dynamodb_table_label.var.context",
      "status": "pass",
      "objects": [
        {
          "object_addr": "module.terraform_state_backend.module.dynamodb_table_label.var.context",
          "status": "pass"
        }
      ]
    },
    {
      "object_kind": "var",
      "config_addr": "module.terraform_state_backend.module.dynamodb_table_label.var.label_value_case",
      "status": "pass",
      "objects": [
        {
          "object_addr": "module.terraform_state_backend.module.dynamodb_table_label.var.label_value_case",
          "status": "pass"
        }
      ]
    },
    {
      "object_kind": "var",
      "config_addr": "module.terraform_state_backend.module.replication_label.var.label_value_case",
      "status": "pass",
      "objects": [
        {
          "object_addr": "module.terraform_state_backend.module.replication_label.var.label_value_case",
          "status": "pass"
        }
      ]
    },
    {
      "object_kind": "var",
      "config_addr": "module.terraform_state_backend.module.dynamodb_table_label.var.label_key_case",
      "status": "pass",
      "objects": [
        {
          "object_addr": "module.terraform_state_backend.module.dynamodb_table_label.var.label_key_case",
          "status": "pass"
        }
      ]
    },
    {
      "object_kind": "var",
      "config_addr": "module.terraform_state_backend.module.dynamodb_table_label.var.id_length_limit",
      "status": "pass",
      "objects": [
        {
          "object_addr": "module.terraform_state_backend.module.dynamodb_table_label.var.id_length_limit",
          "status": "pass"
        }
      ]
    },
    {
      "object_kind": "var",
      "config_addr": "module.terraform_state_backend.module.this.var.id_length_limit",
      "status": "pass",
      "objects": [
        {
          "object_addr": "module.terraform_state_backend.module.this.var.id_length_limit",
          "status": "pass"
        }
      ]
    },
    {
      "object_kind": "var",
      "config_addr": "module.terraform_state_backend.var.logging",
      "status": "pass",
      "objects": [
        {
          "object_addr": "module.terraform_state_backend.var.logging",
          "status": "pass"
        }
      ]
    },
    {
      "object_kind": "var",
      "config_addr": "module.terraform_state_backend.module.this.var.context",
      "status": "pass",
      "objects": [
        {
          "object_addr": "module.terraform_state_backend.module.this.var.context",
          "status": "pass"
        }
      ]
    },
    {
      "object_kind": "var",
      "config_addr": "module.terraform_state_backend.var.label_key_case",
      "status": "pass",
      "objects": [
        {
          "object_addr": "module.terraform_state_backend.var.label_key_case",
          "status": "pass"
        }
      ]
    },
    {
      "object_kind": "var",
      "config_addr": "module.terraform_state_backend.var.s3_bucket_name",
      "status": "pass",
      "objects": [
        {
          "object_addr": "module.terraform_state_backend.var.s3_bucket_name",
          "status": "pass"
        }
      ]
    },
    {
      "object_kind": "var",
      "config_addr": "module.terraform_state_backend.var.context",
      "status": "pass",
      "objects": [
        {
          "object_addr": "module.terraform_state_backend.var.context",
          "status": "pass"
        }
      ]
    },
    {
      "object_kind": "var",
      "config_addr": "module.terraform_state_backend.var.label_value_case",
      "status": "pass",
      "objects": [
        {
          "object_addr": "module.terraform_state_backend.var.label_value_case",
          "status": "pass"
        }
      ]
    },
    {
      "object_kind": "var",
      "config_addr": "module.terraform_state_backend.module.replication_label.var.id_length_limit",
      "status": "pass",
      "objects": [
        {
          "object_addr": "module.terraform_state_backend.module.replication_label.var.id_length_limit",
          "status": "pass"
        }
      ]
    },
    {
      "object_kind": "var",
      "config_addr": "module.terraform_state_backend.module.bucket_label.var.id_length_limit",
      "status": "pass",
      "objects": [
        {
          "object_addr": "module.terraform_state_backend.module.bucket_label.var.id_length_limit",
          "status": "pass"
        }
      ]
    },
    {
      "object_kind": "var",
      "config_addr": "module.terraform_state_backend.module.bucket_label.var.label_key_case",
      "status": "pass",
      "objects": [
        {
          "object_addr": "module.terraform_state_backend.module.bucket_label.var.label_key_case",
          "status": "pass"
        }
      ]
    },
    {
      "object_kind": "var",
      "config_addr": "module.terraform_state_backend.module.this.var.label_value_case",
      "status": "pass",
      "objects": [
        {
          "object_addr": "module.terraform_state_backend.module.this.var.label_value_case",
          "status": "pass"
        }
      ]
    },
    {
      "object_kind": "var",
      "config_addr": "module.terraform_state_backend.module.replication_label.var.label_key_case",
      "status": "pass",
      "objects": [
        {
          "object_addr": "module.terraform_state_backend.module.replication_label.var.label_key_case",
          "status": "pass"
        }
      ]
    },
    {
      "object_kind": "var",
      "config_addr": "module.terraform_state_backend.var.id_length_limit",
      "status": "pass",
      "objects": [
        {
          "object_addr": "module.terraform_state_backend.var.id_length_limit",
          "status": "pass"
        }
      ]
    }
  ]
}
